
Microsoft Visual Studio Solution File, Format Version 12.00
# Visual Studio 15
VisualStudioVersion = 15.0.35026.233
MinimumVisualStudioVersion = 10.0.40219.1
Project("{FAE04EC0-301F-11D3-BF4B-00C04F79EFBC}") = "Matrix", "Matrix\Matrix.csproj", "{66D8BC2B-91F0-4323-9D46-D1581CB3B5D3}"
EndProject
Global
	GlobalSection(SolutionConfigurationPlatforms) = preSolution
		Debug|Any CPU = Debug|Any CPU
		Release|Any CPU = Release|Any CPU
	EndGlobalSection
	GlobalSection(ProjectConfigurationPlatforms) = postSolution
		{66D8BC2B-91F0-4323-9D46-D1581CB3B5D3}.Debug|Any CPU.ActiveCfg = Debug|Any CPU
		{66D8BC2B-91F0-4323-9D46-D1581CB3B5D3}.Debug|Any CPU.Build.0 = Debug|Any CPU
		{66D8BC2B-91F0-4323-9D46-D1581CB3B5D3}.Release|Any CPU.ActiveCfg = Release|Any CPU
		{66D8BC2B-91F0-4323-9D46-D1581CB3B5D3}.Release|Any CPU.Build.0 = Release|Any CPU
	EndGlobalSection
	GlobalSection(SolutionProperties) = preSolution
		HideSolutionNode = FALSE
	EndGlobalSection
	GlobalSection(ExtensibilityGlobals) = postSolution
		SolutionGuid = {1FC6A022-FBBD-452C-AEB5-897C3656CBD5}
	EndGlobalSection
EndGlobal
